github.com/alexlup06-authgate/authgate-go v0.2.0 h1:L/h+Bm5QdjikHEOs9Tm7myD7HAcaZqKQEUVgZQFAMWc=
github.com/alexlup06-authgate/authgate-go v0.2.0/go.mod h1:QjJvZSqRWNyGWk3cDjsVex2KyoYdHyyJWyMbwp2XAAI=
github.com/alexlup06-authgate/authgate-go v0.3.0 h1:3DlxONv2E78ilCgxzR4QEwu1LtOPLD0SoOz4RE1vIt0=
github.com/alexlup06-authgate/authgate-go v0.3.0/go.mod h1:QjJvZSqRWNyGWk3cDjsVex2KyoYdHyyJWyMbwp2XAAI=
github.com/go-chi/chi/v5 v5.2.3 h1:WQIt9uxdsAbgIYgid+BpYc+liqQZGMHRaUwp0JUcvdE=
github.com/go-chi/chi/v5 v5.2.3/go.mod h1:L2yAIGWB3H+phAw1NxKwWM+7eUH/lU8pOMm5hHcoops=
github.com/golang-jwt/jwt/v5 v5.2.1 h1:OuVbFODueb089Lh128TAcimifWaLhJwVflnrgM17wHk=
github.com/golang-jwt/jwt/v5 v5.2.1/go.mod h1:pqrtFR0X4osieyHYxtmOUWsAWrfe1Q5UVIyoH402zdk=
github.com/google/uuid v1.6.0 h1:NIvaJDMOsjHA8n1jAhLSgzrAzy1Hgr+hNrb57e+94F0=
github.com/google/uuid v1.6.0/go.mod h1:TIyPZe4MgqvfeYDBFedMoGGpEw/LqOeaOT+nhxU+yHo=
